
Microsoft Visual Studio Solution File, Format Version 12.00
# Visual Studio Version 17
VisualStudioVersion = 17.10.34916.146
MinimumVisualStudioVersion = 10.0.40219.1
Project("{FAE04EC0-301F-11D3-BF4B-00C04F79EFBC}") = "Advanced Programming Techniques Lab2", "Advanced Programming Techniques Lab2\Advanced Programming Techniques Lab2.csproj", "{E0E05522-D1BE-49E7-93B3-915960A93A5C}"
EndProject
Global
	GlobalSection(SolutionConfigurationPlatforms) = preSolution
		Debug|Any CPU = Debug|Any CPU
		Release|Any CPU = Release|Any CPU
	EndGlobalSection
	GlobalSection(ProjectConfigurationPlatforms) = postSolution
		{E0E05522-D1BE-49E7-93B3-915960A93A5C}.Debug|Any CPU.ActiveCfg = Debug|Any CPU
		{E0E05522-D1BE-49E7-93B3-915960A93A5C}.Debug|Any CPU.Build.0 = Debug|Any CPU
		{E0E05522-D1BE-49E7-93B3-915960A93A5C}.Release|Any CPU.ActiveCfg = Release|Any CPU
		{E0E05522-D1BE-49E7-93B3-915960A93A5C}.Release|Any CPU.Build.0 = Release|Any CPU
	EndGlobalSection
	GlobalSection(SolutionProperties) = preSolution
		HideSolutionNode = FALSE
	EndGlobalSection
	GlobalSection(ExtensibilityGlobals) = postSolution
		SolutionGuid = {2D767CB0-1A31-45E2-B42C-1C2DD3710B1E}
	EndGlobalSection
EndGlobal
